
Microsoft Visual Studio Solution File, Format Version 12.00
# Visual Studio Version 16
VisualStudioVersion = 16.0.29920.165
MinimumVisualStudioVersion = 10.0.40219.1
Project("{FAE04EC0-301F-11D3-BF4B-00C04F79EFBC}") = "Zadanie25_06", "Zadanie25_06\Zadanie25_06.csproj", "{BF9FCA76-9FAD-4803-97DE-70D407944982}"
EndProject
Project("{2150E333-8FDC-42A3-9474-1A3956D46DE8}") = "Solution Items", "Solution Items", "{FA039B3B-1A3A-4B82-A632-4EAB9894130D}"
EndProject
Global
	GlobalSection(SolutionConfigurationPlatforms) = preSolution
		Debug|Any CPU = Debug|Any CPU
		Release|Any CPU = Release|Any CPU
	EndGlobalSection
	GlobalSection(ProjectConfigurationPlatforms) = postSolution
		{BF9FCA76-9FAD-4803-97DE-70D407944982}.Debug|Any CPU.ActiveCfg = Debug|Any CPU
		{BF9FCA76-9FAD-4803-97DE-70D407944982}.Debug|Any CPU.Build.0 = Debug|Any CPU
		{BF9FCA76-9FAD-4803-97DE-70D407944982}.Release|Any CPU.ActiveCfg = Release|Any CPU
		{BF9FCA76-9FAD-4803-97DE-70D407944982}.Release|Any CPU.Build.0 = Release|Any CPU
	EndGlobalSection
	GlobalSection(SolutionProperties) = preSolution
		HideSolutionNode = FALSE
	EndGlobalSection
	GlobalSection(ExtensibilityGlobals) = postSolution
		SolutionGuid = {2F4737E9-10DE-4594-B774-0F2F17ECFFC0}
	EndGlobalSection
EndGlobal
